
Microsoft Visual Studio Solution File, Format Version 12.00
# Visual Studio Version 16
VisualStudioVersion = 16.0.31911.196
MinimumVisualStudioVersion = 10.0.40219.1
Project("{FAE04EC0-301F-11D3-BF4B-00C04F79EFBC}") = "substring", "substring\substring.csproj", "{6FA543DE-3443-47D0-B20E-90559C9E1FDE}"
EndProject
Global
	GlobalSection(SolutionConfigurationPlatforms) = preSolution
		Debug|Any CPU = Debug|Any CPU
		Release|Any CPU = Release|Any CPU
	EndGlobalSection
	GlobalSection(ProjectConfigurationPlatforms) = postSolution
		{6FA543DE-3443-47D0-B20E-90559C9E1FDE}.Debug|Any CPU.ActiveCfg = Debug|Any CPU
		{6FA543DE-3443-47D0-B20E-90559C9E1FDE}.Debug|Any CPU.Build.0 = Debug|Any CPU
		{6FA543DE-3443-47D0-B20E-90559C9E1FDE}.Release|Any CPU.ActiveCfg = Release|Any CPU
		{6FA543DE-3443-47D0-B20E-90559C9E1FDE}.Release|Any CPU.Build.0 = Release|Any CPU
	EndGlobalSection
	GlobalSection(SolutionProperties) = preSolution
		HideSolutionNode = FALSE
	EndGlobalSection
	GlobalSection(ExtensibilityGlobals) = postSolution
		SolutionGuid = {2EA34006-9505-49EE-853F-804376D6DF4F}
	EndGlobalSection
EndGlobal
