
Microsoft Visual Studio Solution File, Format Version 12.00
# Visual Studio Version 16
VisualStudioVersion = 16.0.31911.196
MinimumVisualStudioVersion = 10.0.40219.1
Project("{FAE04EC0-301F-11D3-BF4B-00C04F79EFBC}") = "secondlargest", "secondlargest\secondlargest.csproj", "{813100A2-775D-4032-B763-E278FDAAB5E3}"
EndProject
Global
	GlobalSection(SolutionConfigurationPlatforms) = preSolution
		Debug|Any CPU = Debug|Any CPU
		Release|Any CPU = Release|Any CPU
	EndGlobalSection
	GlobalSection(ProjectConfigurationPlatforms) = postSolution
		{813100A2-775D-4032-B763-E278FDAAB5E3}.Debug|Any CPU.ActiveCfg = Debug|Any CPU
		{813100A2-775D-4032-B763-E278FDAAB5E3}.Debug|Any CPU.Build.0 = Debug|Any CPU
		{813100A2-775D-4032-B763-E278FDAAB5E3}.Release|Any CPU.ActiveCfg = Release|Any CPU
		{813100A2-775D-4032-B763-E278FDAAB5E3}.Release|Any CPU.Build.0 = Release|Any CPU
	EndGlobalSection
	GlobalSection(SolutionProperties) = preSolution
		HideSolutionNode = FALSE
	EndGlobalSection
	GlobalSection(ExtensibilityGlobals) = postSolution
		SolutionGuid = {C08DD0DA-9751-4FEF-B739-EEA78EA13A86}
	EndGlobalSection
EndGlobal
