
Microsoft Visual Studio Solution File, Format Version 12.00
# Visual Studio Version 16
VisualStudioVersion = 16.0.31911.196
MinimumVisualStudioVersion = 10.0.40219.1
Project("{FAE04EC0-301F-11D3-BF4B-00C04F79EFBC}") = "occurancestring", "occurancestring\occurancestring.csproj", "{81051152-7A7F-4851-A6C9-5BBE01667F6C}"
EndProject
Global
	GlobalSection(SolutionConfigurationPlatforms) = preSolution
		Debug|Any CPU = Debug|Any CPU
		Release|Any CPU = Release|Any CPU
	EndGlobalSection
	GlobalSection(ProjectConfigurationPlatforms) = postSolution
		{81051152-7A7F-4851-A6C9-5BBE01667F6C}.Debug|Any CPU.ActiveCfg = Debug|Any CPU
		{81051152-7A7F-4851-A6C9-5BBE01667F6C}.Debug|Any CPU.Build.0 = Debug|Any CPU
		{81051152-7A7F-4851-A6C9-5BBE01667F6C}.Release|Any CPU.ActiveCfg = Release|Any CPU
		{81051152-7A7F-4851-A6C9-5BBE01667F6C}.Release|Any CPU.Build.0 = Release|Any CPU
	EndGlobalSection
	GlobalSection(SolutionProperties) = preSolution
		HideSolutionNode = FALSE
	EndGlobalSection
	GlobalSection(ExtensibilityGlobals) = postSolution
		SolutionGuid = {5F32FD51-5AF0-462F-A486-23C96B9C2DC3}
	EndGlobalSection
EndGlobal
