
Microsoft Visual Studio Solution File, Format Version 12.00
# Visual Studio Version 16
VisualStudioVersion = 16.0.31911.196
MinimumVisualStudioVersion = 10.0.40219.1
Project("{FAE04EC0-301F-11D3-BF4B-00C04F79EFBC}") = "LAPTOPS", "LAPTOPS\LAPTOPS.csproj", "{B77534D0-1911-42DE-AD2A-B9C0FB73858B}"
EndProject
Global
	GlobalSection(SolutionConfigurationPlatforms) = preSolution
		Debug|Any CPU = Debug|Any CPU
		Release|Any CPU = Release|Any CPU
	EndGlobalSection
	GlobalSection(ProjectConfigurationPlatforms) = postSolution
		{B77534D0-1911-42DE-AD2A-B9C0FB73858B}.Debug|Any CPU.ActiveCfg = Debug|Any CPU
		{B77534D0-1911-42DE-AD2A-B9C0FB73858B}.Debug|Any CPU.Build.0 = Debug|Any CPU
		{B77534D0-1911-42DE-AD2A-B9C0FB73858B}.Release|Any CPU.ActiveCfg = Release|Any CPU
		{B77534D0-1911-42DE-AD2A-B9C0FB73858B}.Release|Any CPU.Build.0 = Release|Any CPU
	EndGlobalSection
	GlobalSection(SolutionProperties) = preSolution
		HideSolutionNode = FALSE
	EndGlobalSection
	GlobalSection(ExtensibilityGlobals) = postSolution
		SolutionGuid = {5BAB76E6-AC6A-4A12-9AB3-0CC3248E3914}
	EndGlobalSection
EndGlobal
